Microsoft Visual Studio Solution File, Format Version 12.00
# Visual Studio 15
VisualStudioVersion = 15.0.26114.2
MinimumVisualStudioVersion = 10.0.40219.1
Project("{FAE04EC0-301F-11D3-BF4B-00C04F79EFBC}") = "MaxMind.Db", "MaxMind.Db\MaxMind.Db.csproj", "{923441A3-A9A9-425F-9ABD-73DF13E0A053}"
EndProject
Project("{FAE04EC0-301F-11D3-BF4B-00C04F79EFBC}") = "MaxMind.Db.Benchmark", "MaxMind.Db.Benchmark\MaxMind.Db.Benchmark.csproj", "{F1051D87-38BE-4E9C-B7B3-9FA2DFB4FB56}"
EndProject
Project("{FAE04EC0-301F-11D3-BF4B-00C04F79EFBC}") = "MaxMind.Db.Test", "MaxMind.Db.Test\MaxMind.Db.Test.csproj", "{15A04FFF-BCC5-45F9-84E2-AB51B567E3E9}"
EndProject
Global
	GlobalSection(SolutionConfigurationPlatforms) = preSolution
		Debug|Any CPU = Debug|Any CPU
		Release|Any CPU = Release|Any CPU
	EndGlobalSection
	GlobalSection(ProjectConfigurationPlatforms) = postSolution
		{923441A3-A9A9-425F-9ABD-73DF13E0A053}.Debug|Any CPU.ActiveCfg = Debug|Any CPU
		{923441A3-A9A9-425F-9ABD-73DF13E0A053}.Debug|Any CPU.Build.0 = Debug|Any CPU
		{923441A3-A9A9-425F-9ABD-73DF13E0A053}.Release|Any CPU.ActiveCfg = Release|Any CPU
		{923441A3-A9A9-425F-9ABD-73DF13E0A053}.Release|Any CPU.Build.0 = Release|Any CPU
		{15A04FFF-BCC5-45F9-84E2-AB51B567E3E9}.Debug|Any CPU.ActiveCfg = Debug|Any CPU
		{15A04FFF-BCC5-45F9-84E2-AB51B567E3E9}.Debug|Any CPU.Build.0 = Debug|Any CPU
		{15A04FFF-BCC5-45F9-84E2-AB51B567E3E9}.Release|Any CPU.ActiveCfg = Release|Any CPU
		{15A04FFF-BCC5-45F9-84E2-AB51B567E3E9}.Release|Any CPU.Build.0 = Release|Any CPU
		{F1051D87-38BE-4E9C-B7B3-9FA2DFB4FB56}.Debug|Any CPU.ActiveCfg = Debug|Any CPU
		{F1051D87-38BE-4E9C-B7B3-9FA2DFB4FB56}.Debug|Any CPU.Build.0 = Debug|Any CPU
		{F1051D87-38BE-4E9C-B7B3-9FA2DFB4FB56}.Release|Any CPU.ActiveCfg = Release|Any CPU
		{F1051D87-38BE-4E9C-B7B3-9FA2DFB4FB56}.Release|Any CPU.Build.0 = Release|Any CPU
	EndGlobalSection
	GlobalSection(SolutionProperties) = preSolution
		HideSolutionNode = FALSE
	EndGlobalSection
	GlobalSection(SubversionScc) = preSolution
		Svn-Managed = True
		Manager = AnkhSVN - Subversion Support for Visual Studio
	EndGlobalSection
EndGlobal
