
Microsoft Visual Studio Solution File, Format Version 12.00
# Visual Studio 15
VisualStudioVersion = 15.0.26730.3
MinimumVisualStudioVersion = 10.0.40219.1
Project("{FAE04EC0-301F-11D3-BF4B-00C04F79EFBC}") = "MaxMind.Db", "MaxMind.Db\MaxMind.Db.csproj", "{923441A3-A9A9-425F-9ABD-73DF13E0A053}"
EndProject
Project("{FAE04EC0-301F-11D3-BF4B-00C04F79EFBC}") = "MaxMind.Db.Benchmark", "MaxMind.Db.Benchmark\MaxMind.Db.Benchmark.csproj", "{F1051D87-38BE-4E9C-B7B3-9FA2DFB4FB56}"
EndProject
Project("{FAE04EC0-301F-11D3-BF4B-00C04F79EFBC}") = "MaxMind.Db.Test", "MaxMind.Db.Test\MaxMind.Db.Test.csproj", "{15A04FFF-BCC5-45F9-84E2-AB51B567E3E9}"
EndProject
Project("{FAE04EC0-301F-11D3-BF4B-00C04F79EFBC}") = "MaxMind.Db.SourceGenerator", "MaxMind.Db.SourceGenerator\MaxMind.Db.SourceGenerator.csproj", "{B51B39BB-D462-4BA1-9E7D-A7FBFB19B711}"
EndProject
Project("{FAE04EC0-301F-11D3-BF4B-00C04F79EFBC}") = "MaxMind.Db.SourceGenerator.Test", "MaxMind.Db.SourceGenerator.Test\MaxMind.Db.SourceGenerator.Test.csproj", "{8C78E3E9-3BA3-460D-AB40-1824FE94C27F}"
EndProject
Project("{FAE04EC0-301F-11D3-BF4B-00C04F79EFBC}") = "MaxMind.Db.ReflectionFallback.TestModels", "MaxMind.Db.ReflectionFallback.TestModels\MaxMind.Db.ReflectionFallback.TestModels.csproj", "{CB1A76F7-A3D9-43B1-9E2E-43F2BE61A0E7}"
EndProject
Project("{FAE04EC0-301F-11D3-BF4B-00C04F79EFBC}") = "MaxMind.Db.NetStandard.TestModels", "MaxMind.Db.NetStandard.TestModels\MaxMind.Db.NetStandard.TestModels.csproj", "{89C63078-2493-4555-B6FD-2B4F89D6BD2D}"
EndProject
Project("{FAE04EC0-301F-11D3-BF4B-00C04F79EFBC}") = "MaxMind.Db.NativeAot.App", "MaxMind.Db.NativeAot\App\MaxMind.Db.NativeAot.App.csproj", "{D7F4D2C7-47A5-420E-AD66-30BD26BCDFB8}"
EndProject
Project("{FAE04EC0-301F-11D3-BF4B-00C04F79EFBC}") = "MaxMind.Db.NativeAot.Models", "MaxMind.Db.NativeAot\Models\MaxMind.Db.NativeAot.Models.csproj", "{6254EBD8-93CD-465F-935A-341EDA068844}"
EndProject
Global
	GlobalSection(SolutionConfigurationPlatforms) = preSolution
		Debug|Any CPU = Debug|Any CPU
		Debug|x64 = Debug|x64
		Debug|x86 = Debug|x86
		Release|Any CPU = Release|Any CPU
		Release|x64 = Release|x64
		Release|x86 = Release|x86
	EndGlobalSection
	GlobalSection(ProjectConfigurationPlatforms) = postSolution
		{923441A3-A9A9-425F-9ABD-73DF13E0A053}.Debug|Any CPU.ActiveCfg = Debug|Any CPU
		{923441A3-A9A9-425F-9ABD-73DF13E0A053}.Debug|Any CPU.Build.0 = Debug|Any CPU
		{923441A3-A9A9-425F-9ABD-73DF13E0A053}.Debug|x64.ActiveCfg = Debug|Any CPU
		{923441A3-A9A9-425F-9ABD-73DF13E0A053}.Debug|x64.Build.0 = Debug|Any CPU
		{923441A3-A9A9-425F-9ABD-73DF13E0A053}.Debug|x86.ActiveCfg = Debug|Any CPU
		{923441A3-A9A9-425F-9ABD-73DF13E0A053}.Debug|x86.Build.0 = Debug|Any CPU
		{923441A3-A9A9-425F-9ABD-73DF13E0A053}.Release|Any CPU.ActiveCfg = Release|Any CPU
		{923441A3-A9A9-425F-9ABD-73DF13E0A053}.Release|Any CPU.Build.0 = Release|Any CPU
		{923441A3-A9A9-425F-9ABD-73DF13E0A053}.Release|x64.ActiveCfg = Release|Any CPU
		{923441A3-A9A9-425F-9ABD-73DF13E0A053}.Release|x64.Build.0 = Release|Any CPU
		{923441A3-A9A9-425F-9ABD-73DF13E0A053}.Release|x86.ActiveCfg = Release|Any CPU
		{923441A3-A9A9-425F-9ABD-73DF13E0A053}.Release|x86.Build.0 = Release|Any CPU
		{F1051D87-38BE-4E9C-B7B3-9FA2DFB4FB56}.Debug|Any CPU.ActiveCfg = Debug|Any CPU
		{F1051D87-38BE-4E9C-B7B3-9FA2DFB4FB56}.Debug|Any CPU.Build.0 = Debug|Any CPU
		{F1051D87-38BE-4E9C-B7B3-9FA2DFB4FB56}.Debug|x64.ActiveCfg = Debug|Any CPU
		{F1051D87-38BE-4E9C-B7B3-9FA2DFB4FB56}.Debug|x64.Build.0 = Debug|Any CPU
		{F1051D87-38BE-4E9C-B7B3-9FA2DFB4FB56}.Debug|x86.ActiveCfg = Debug|Any CPU
		{F1051D87-38BE-4E9C-B7B3-9FA2DFB4FB56}.Debug|x86.Build.0 = Debug|Any CPU
		{F1051D87-38BE-4E9C-B7B3-9FA2DFB4FB56}.Release|Any CPU.ActiveCfg = Release|Any CPU
		{F1051D87-38BE-4E9C-B7B3-9FA2DFB4FB56}.Release|Any CPU.Build.0 = Release|Any CPU
		{F1051D87-38BE-4E9C-B7B3-9FA2DFB4FB56}.Release|x64.ActiveCfg = Release|Any CPU
		{F1051D87-38BE-4E9C-B7B3-9FA2DFB4FB56}.Release|x64.Build.0 = Release|Any CPU
		{F1051D87-38BE-4E9C-B7B3-9FA2DFB4FB56}.Release|x86.ActiveCfg = Release|Any CPU
		{F1051D87-38BE-4E9C-B7B3-9FA2DFB4FB56}.Release|x86.Build.0 = Release|Any CPU
		{15A04FFF-BCC5-45F9-84E2-AB51B567E3E9}.Debug|Any CPU.ActiveCfg = Debug|Any CPU
		{15A04FFF-BCC5-45F9-84E2-AB51B567E3E9}.Debug|Any CPU.Build.0 = Debug|Any CPU
		{15A04FFF-BCC5-45F9-84E2-AB51B567E3E9}.Debug|x64.ActiveCfg = Debug|Any CPU
		{15A04FFF-BCC5-45F9-84E2-AB51B567E3E9}.Debug|x64.Build.0 = Debug|Any CPU
		{15A04FFF-BCC5-45F9-84E2-AB51B567E3E9}.Debug|x86.ActiveCfg = Debug|Any CPU
		{15A04FFF-BCC5-45F9-84E2-AB51B567E3E9}.Debug|x86.Build.0 = Debug|Any CPU
		{15A04FFF-BCC5-45F9-84E2-AB51B567E3E9}.Release|Any CPU.ActiveCfg = Release|Any CPU
		{15A04FFF-BCC5-45F9-84E2-AB51B567E3E9}.Release|Any CPU.Build.0 = Release|Any CPU
		{15A04FFF-BCC5-45F9-84E2-AB51B567E3E9}.Release|x64.ActiveCfg = Release|Any CPU
		{15A04FFF-BCC5-45F9-84E2-AB51B567E3E9}.Release|x64.Build.0 = Release|Any CPU
		{15A04FFF-BCC5-45F9-84E2-AB51B567E3E9}.Release|x86.ActiveCfg = Release|Any CPU
		{15A04FFF-BCC5-45F9-84E2-AB51B567E3E9}.Release|x86.Build.0 = Release|Any CPU
		{B51B39BB-D462-4BA1-9E7D-A7FBFB19B711}.Debug|Any CPU.ActiveCfg = Debug|Any CPU
		{B51B39BB-D462-4BA1-9E7D-A7FBFB19B711}.Debug|Any CPU.Build.0 = Debug|Any CPU
		{B51B39BB-D462-4BA1-9E7D-A7FBFB19B711}.Debug|x64.ActiveCfg = Debug|Any CPU
		{B51B39BB-D462-4BA1-9E7D-A7FBFB19B711}.Debug|x64.Build.0 = Debug|Any CPU
		{B51B39BB-D462-4BA1-9E7D-A7FBFB19B711}.Debug|x86.ActiveCfg = Debug|Any CPU
		{B51B39BB-D462-4BA1-9E7D-A7FBFB19B711}.Debug|x86.Build.0 = Debug|Any CPU
		{B51B39BB-D462-4BA1-9E7D-A7FBFB19B711}.Release|Any CPU.ActiveCfg = Release|Any CPU
		{B51B39BB-D462-4BA1-9E7D-A7FBFB19B711}.Release|Any CPU.Build.0 = Release|Any CPU
		{B51B39BB-D462-4BA1-9E7D-A7FBFB19B711}.Release|x64.ActiveCfg = Release|Any CPU
		{B51B39BB-D462-4BA1-9E7D-A7FBFB19B711}.Release|x64.Build.0 = Release|Any CPU
		{B51B39BB-D462-4BA1-9E7D-A7FBFB19B711}.Release|x86.ActiveCfg = Release|Any CPU
		{B51B39BB-D462-4BA1-9E7D-A7FBFB19B711}.Release|x86.Build.0 = Release|Any CPU
		{8C78E3E9-3BA3-460D-AB40-1824FE94C27F}.Debug|Any CPU.ActiveCfg = Debug|Any CPU
		{8C78E3E9-3BA3-460D-AB40-1824FE94C27F}.Debug|Any CPU.Build.0 = Debug|Any CPU
		{8C78E3E9-3BA3-460D-AB40-1824FE94C27F}.Debug|x64.ActiveCfg = Debug|Any CPU
		{8C78E3E9-3BA3-460D-AB40-1824FE94C27F}.Debug|x64.Build.0 = Debug|Any CPU
		{8C78E3E9-3BA3-460D-AB40-1824FE94C27F}.Debug|x86.ActiveCfg = Debug|Any CPU
		{8C78E3E9-3BA3-460D-AB40-1824FE94C27F}.Debug|x86.Build.0 = Debug|Any CPU
		{8C78E3E9-3BA3-460D-AB40-1824FE94C27F}.Release|Any CPU.ActiveCfg = Release|Any CPU
		{8C78E3E9-3BA3-460D-AB40-1824FE94C27F}.Release|Any CPU.Build.0 = Release|Any CPU
		{8C78E3E9-3BA3-460D-AB40-1824FE94C27F}.Release|x64.ActiveCfg = Release|Any CPU
		{8C78E3E9-3BA3-460D-AB40-1824FE94C27F}.Release|x64.Build.0 = Release|Any CPU
		{8C78E3E9-3BA3-460D-AB40-1824FE94C27F}.Release|x86.ActiveCfg = Release|Any CPU
		{8C78E3E9-3BA3-460D-AB40-1824FE94C27F}.Release|x86.Build.0 = Release|Any CPU
		{CB1A76F7-A3D9-43B1-9E2E-43F2BE61A0E7}.Debug|Any CPU.ActiveCfg = Debug|Any CPU
		{CB1A76F7-A3D9-43B1-9E2E-43F2BE61A0E7}.Debug|Any CPU.Build.0 = Debug|Any CPU
		{CB1A76F7-A3D9-43B1-9E2E-43F2BE61A0E7}.Debug|x64.ActiveCfg = Debug|Any CPU
		{CB1A76F7-A3D9-43B1-9E2E-43F2BE61A0E7}.Debug|x64.Build.0 = Debug|Any CPU
		{CB1A76F7-A3D9-43B1-9E2E-43F2BE61A0E7}.Debug|x86.ActiveCfg = Debug|Any CPU
		{CB1A76F7-A3D9-43B1-9E2E-43F2BE61A0E7}.Debug|x86.Build.0 = Debug|Any CPU
		{CB1A76F7-A3D9-43B1-9E2E-43F2BE61A0E7}.Release|Any CPU.ActiveCfg = Release|Any CPU
		{CB1A76F7-A3D9-43B1-9E2E-43F2BE61A0E7}.Release|Any CPU.Build.0 = Release|Any CPU
		{CB1A76F7-A3D9-43B1-9E2E-43F2BE61A0E7}.Release|x64.ActiveCfg = Release|Any CPU
		{CB1A76F7-A3D9-43B1-9E2E-43F2BE61A0E7}.Release|x64.Build.0 = Release|Any CPU
		{CB1A76F7-A3D9-43B1-9E2E-43F2BE61A0E7}.Release|x86.ActiveCfg = Release|Any CPU
		{CB1A76F7-A3D9-43B1-9E2E-43F2BE61A0E7}.Release|x86.Build.0 = Release|Any CPU
		{89C63078-2493-4555-B6FD-2B4F89D6BD2D}.Debug|Any CPU.ActiveCfg = Debug|Any CPU
		{89C63078-2493-4555-B6FD-2B4F89D6BD2D}.Debug|Any CPU.Build.0 = Debug|Any CPU
		{89C63078-2493-4555-B6FD-2B4F89D6BD2D}.Debug|x64.ActiveCfg = Debug|Any CPU
		{89C63078-2493-4555-B6FD-2B4F89D6BD2D}.Debug|x64.Build.0 = Debug|Any CPU
		{89C63078-2493-4555-B6FD-2B4F89D6BD2D}.Debug|x86.ActiveCfg = Debug|Any CPU
		{89C63078-2493-4555-B6FD-2B4F89D6BD2D}.Debug|x86.Build.0 = Debug|Any CPU
		{89C63078-2493-4555-B6FD-2B4F89D6BD2D}.Release|Any CPU.ActiveCfg = Release|Any CPU
		{89C63078-2493-4555-B6FD-2B4F89D6BD2D}.Release|Any CPU.Build.0 = Release|Any CPU
		{89C63078-2493-4555-B6FD-2B4F89D6BD2D}.Release|x64.ActiveCfg = Release|Any CPU
		{89C63078-2493-4555-B6FD-2B4F89D6BD2D}.Release|x64.Build.0 = Release|Any CPU
		{89C63078-2493-4555-B6FD-2B4F89D6BD2D}.Release|x86.ActiveCfg = Release|Any CPU
		{89C63078-2493-4555-B6FD-2B4F89D6BD2D}.Release|x86.Build.0 = Release|Any CPU
		{D7F4D2C7-47A5-420E-AD66-30BD26BCDFB8}.Debug|Any CPU.ActiveCfg = Debug|Any CPU
		{D7F4D2C7-47A5-420E-AD66-30BD26BCDFB8}.Debug|Any CPU.Build.0 = Debug|Any CPU
		{D7F4D2C7-47A5-420E-AD66-30BD26BCDFB8}.Debug|x64.ActiveCfg = Debug|Any CPU
		{D7F4D2C7-47A5-420E-AD66-30BD26BCDFB8}.Debug|x64.Build.0 = Debug|Any CPU
		{D7F4D2C7-47A5-420E-AD66-30BD26BCDFB8}.Debug|x86.ActiveCfg = Debug|Any CPU
		{D7F4D2C7-47A5-420E-AD66-30BD26BCDFB8}.Debug|x86.Build.0 = Debug|Any CPU
		{D7F4D2C7-47A5-420E-AD66-30BD26BCDFB8}.Release|Any CPU.ActiveCfg = Release|Any CPU
		{D7F4D2C7-47A5-420E-AD66-30BD26BCDFB8}.Release|Any CPU.Build.0 = Release|Any CPU
		{D7F4D2C7-47A5-420E-AD66-30BD26BCDFB8}.Release|x64.ActiveCfg = Release|Any CPU
		{D7F4D2C7-47A5-420E-AD66-30BD26BCDFB8}.Release|x64.Build.0 = Release|Any CPU
		{D7F4D2C7-47A5-420E-AD66-30BD26BCDFB8}.Release|x86.ActiveCfg = Release|Any CPU
		{D7F4D2C7-47A5-420E-AD66-30BD26BCDFB8}.Release|x86.Build.0 = Release|Any CPU
		{6254EBD8-93CD-465F-935A-341EDA068844}.Debug|Any CPU.ActiveCfg = Debug|Any CPU
		{6254EBD8-93CD-465F-935A-341EDA068844}.Debug|Any CPU.Build.0 = Debug|Any CPU
		{6254EBD8-93CD-465F-935A-341EDA068844}.Debug|x64.ActiveCfg = Debug|Any CPU
		{6254EBD8-93CD-465F-935A-341EDA068844}.Debug|x64.Build.0 = Debug|Any CPU
		{6254EBD8-93CD-465F-935A-341EDA068844}.Debug|x86.ActiveCfg = Debug|Any CPU
		{6254EBD8-93CD-465F-935A-341EDA068844}.Debug|x86.Build.0 = Debug|Any CPU
		{6254EBD8-93CD-465F-935A-341EDA068844}.Release|Any CPU.ActiveCfg = Release|Any CPU
		{6254EBD8-93CD-465F-935A-341EDA068844}.Release|Any CPU.Build.0 = Release|Any CPU
		{6254EBD8-93CD-465F-935A-341EDA068844}.Release|x64.ActiveCfg = Release|Any CPU
		{6254EBD8-93CD-465F-935A-341EDA068844}.Release|x64.Build.0 = Release|Any CPU
		{6254EBD8-93CD-465F-935A-341EDA068844}.Release|x86.ActiveCfg = Release|Any CPU
		{6254EBD8-93CD-465F-935A-341EDA068844}.Release|x86.Build.0 = Release|Any CPU
	EndGlobalSection
	GlobalSection(SolutionProperties) = preSolution
		HideSolutionNode = FALSE
	EndGlobalSection
EndGlobal
