# @generated - this file is auto-generated by `mise lock` https://mise.jdx.dev/dev-tools/mise-lock.html

[[tools.dotnet]]
version = "10.0.201"
backend = "core:dotnet"

[[tools.dotnet]]
version = "8.0.419"
backend = "core:dotnet"

[[tools.dotnet]]
version = "9.0.312"
backend = "core:dotnet"

[[tools."github:houseabsolute/precious"]]
version = "0.10.2"
backend = "github:houseabsolute/precious"

[[tools.node]]
version = "25.8.0"
backend = "core:node"

[[tools."npm:prettier"]]
version = "3.8.1"
backend = "npm:prettier"
